{
  "nodes": {
    "flake-compat": {
      "flake": false,
      "locked": {
        "lastModified": 1673956053,
        "narHash": "sha256-4gtG9iQuiKITOjNQQeQIpoIB6b16fm+504Ch3sNKLd8=",
        "owner": "edolstra",
        "repo": "flake-compat",
        "rev": "35bb57c0c8d8b62bbfd284272c928ceb64ddbde9",
        "type": "github"
      },
      "original": {
        "owner": "edolstra",
        "repo": "flake-compat",
        "type": "github"
      }
    },
    "flake-utils": {
      "locked": {
        "lastModified": 1667395993,
        "narHash": "sha256-nuEHfE/LcWyuSWnS8t12N1wc105Qtau+/OdUAjtQ0rA=",
        "owner": "numtide",
        "repo": "flake-utils",
        "rev": "5aed5285a952e0b949eb3ba02c12fa4fcfef535f",
        "type": "github"
      },
      "original": {
        "owner": "numtide",
        "repo": "flake-utils",
        "type": "github"
      }
    },
    "flake-utils_2": {
      "locked": {
        "lastModified": 1659877975,
        "narHash": "sha256-zllb8aq3YO3h8B/U0/J1WBgAL8EX5yWf5pMj3G0NAmc=",
        "owner": "numtide",
        "repo": "flake-utils",
        "rev": "c0e246b9b83f637f4681389ecabcb2681b4f3af0",
        "type": "github"
      },
      "original": {
        "owner": "numtide",
        "repo": "flake-utils",
        "type": "github"
      }
    },
    "flake-utils_3": {
      "locked": {
        "lastModified": 1667395993,
        "narHash": "sha256-nuEHfE/LcWyuSWnS8t12N1wc105Qtau+/OdUAjtQ0rA=",
        "owner": "numtide",
        "repo": "flake-utils",
        "rev": "5aed5285a952e0b949eb3ba02c12fa4fcfef535f",
        "type": "github"
      },
      "original": {
        "owner": "numtide",
        "repo": "flake-utils",
        "type": "github"
      }
    },
    "gitignore": {
      "inputs": {
        "nixpkgs": [
          "zls",
          "nixpkgs"
        ]
      },
      "locked": {
        "lastModified": 1660459072,
        "narHash": "sha256-8DFJjXG8zqoONA1vXtgeKXy68KdJL5UaXR8NtVMUbx8=",
        "owner": "hercules-ci",
        "repo": "gitignore.nix",
        "rev": "a20de23b925fd8264fd7fad6454652e142fd7f73",
        "type": "github"
      },
      "original": {
        "owner": "hercules-ci",
        "repo": "gitignore.nix",
        "type": "github"
      }
    },
    "home-manager": {
      "inputs": {
        "nixpkgs": [
          "nixpkgs"
        ],
        "utils": "utils"
      },
      "locked": {
        "lastModified": 1674440933,
        "narHash": "sha256-CASRcD/rK3fn5vUCti3jzry7zi0GsqRsBohNq9wPgLs=",
        "owner": "nix-community",
        "repo": "home-manager",
        "rev": "65c47ced082e3353113614f77b1bc18822dc731f",
        "type": "github"
      },
      "original": {
        "owner": "nix-community",
        "ref": "release-22.11",
        "repo": "home-manager",
        "type": "github"
      }
    },
    "known-folders": {
      "flake": false,
      "locked": {
        "lastModified": 1659425144,
        "narHash": "sha256-xMgdOKwWqBmw7avcioqQQrrPU1MjzlBMtNjqPfOEtDQ=",
        "owner": "ziglibs",
        "repo": "known-folders",
        "rev": "24845b0103e611c108d6bc334231c464e699742c",
        "type": "github"
      },
      "original": {
        "owner": "ziglibs",
        "repo": "known-folders",
        "type": "github"
      }
    },
    "nc-emacs": {
      "inputs": {
        "flake-utils": "flake-utils",
        "nixpkgs": "nixpkgs"
      },
      "locked": {
        "lastModified": 1675445170,
        "narHash": "sha256-rRisB6r4ixRH4nm0BSslln9fVboCFLods+EqJVXWdEI=",
        "owner": "nix-community",
        "repo": "emacs-overlay",
        "rev": "c07791ce9a407f6007842a1bfa5ccf7c037e317f",
        "type": "github"
      },
      "original": {
        "owner": "nix-community",
        "ref": "master",
        "repo": "emacs-overlay",
        "type": "github"
      }
    },
    "nixpkgs": {
      "locked": {
        "lastModified": 1673540789,
        "narHash": "sha256-xqnxBOK3qctIeUVxecydrEDbEXjsvHCPGPbvsl63M/U=",
        "owner": "NixOS",
        "repo": "nixpkgs",
        "rev": "0f213d0fee84280d8c3a97f7469b988d6fe5fcdf",
        "type": "github"
      },
      "original": {
        "owner": "NixOS",
        "ref": "nixos-unstable",
        "repo": "nixpkgs",
        "type": "github"
      }
    },
    "nixpkgs-unstable": {
      "locked": {
        "lastModified": 1675362331,
        "narHash": "sha256-VmcnKPj5gJLxWK7Bxlhg2LoQvhKRss7Ax+uoFjd3qKY=",
        "owner": "nixos",
        "repo": "nixpkgs",
        "rev": "a100acd7bbf105915b0004427802286c37738fef",
        "type": "github"
      },
      "original": {
        "owner": "nixos",
        "ref": "nixos-unstable",
        "repo": "nixpkgs",
        "type": "github"
      }
    },
    "nixpkgs_2": {
      "locked": {
        "lastModified": 1675410244,
        "narHash": "sha256-ODj6egMoH/HgAF/0wIy0EfRBeUx5FMuLl6uAdUW3kCI=",
        "owner": "nixos",
        "repo": "nixpkgs",
        "rev": "f7543a7539a007e9562e4d8d24e17a4bcf369b68",
        "type": "github"
      },
      "original": {
        "owner": "nixos",
        "ref": "nixos-22.11",
        "repo": "nixpkgs",
        "type": "github"
      }
    },
    "root": {
      "inputs": {
        "home-manager": "home-manager",
        "nc-emacs": "nc-emacs",
        "nixpkgs": "nixpkgs_2",
        "nixpkgs-unstable": "nixpkgs-unstable",
        "zig": "zig",
        "zls": "zls"
      }
    },
    "tres": {
      "flake": false,
      "locked": {
        "lastModified": 1672008284,
        "narHash": "sha256-AtM9SV56PEud1MfbKDZMU2FlsNrI46PkcFQh3yMcDX0=",
        "owner": "ziglibs",
        "repo": "tres",
        "rev": "16774b94efa61757a5302a690837dfb8cf750a11",
        "type": "github"
      },
      "original": {
        "owner": "ziglibs",
        "repo": "tres",
        "type": "github"
      }
    },
    "utils": {
      "locked": {
        "lastModified": 1667395993,
        "narHash": "sha256-nuEHfE/LcWyuSWnS8t12N1wc105Qtau+/OdUAjtQ0rA=",
        "owner": "numtide",
        "repo": "flake-utils",
        "rev": "5aed5285a952e0b949eb3ba02c12fa4fcfef535f",
        "type": "github"
      },
      "original": {
        "owner": "numtide",
        "repo": "flake-utils",
        "type": "github"
      }
    },
    "zig": {
      "inputs": {
        "flake-compat": "flake-compat",
        "flake-utils": "flake-utils_2",
        "nixpkgs": [
          "nixpkgs"
        ]
      },
      "locked": {
        "lastModified": 1675466928,
        "narHash": "sha256-H4D7cT/I6SptKVNoIiq+DuEKHhYDi3O8SzkjC+gLxSk=",
        "owner": "mitchellh",
        "repo": "zig-overlay",
        "rev": "ca04c57ef44b2f6f8d182dbc4eae50986aa2006e",
        "type": "github"
      },
      "original": {
        "owner": "mitchellh",
        "repo": "zig-overlay",
        "type": "github"
      }
    },
    "zls": {
      "inputs": {
        "flake-utils": "flake-utils_3",
        "gitignore": "gitignore",
        "known-folders": "known-folders",
        "nixpkgs": [
          "nixpkgs"
        ],
        "tres": "tres",
        "zig-overlay": [
          "zig"
        ]
      },
      "locked": {
        "lastModified": 1675468733,
        "narHash": "sha256-790u9WkCe6riVSqXf+G6LDrnZwcAzBBSpM25EPAMJj8=",
        "owner": "zigtools",
        "repo": "zls",
        "rev": "384f227cb752553f440f2d256e68858b65fb13fc",
        "type": "github"
      },
      "original": {
        "owner": "zigtools",
        "repo": "zls",
        "type": "github"
      }
    }
  },
  "root": "root",
  "version": 7
}
