{
  "nodes": {
    "flake-compat": {
      "flake": false,
      "locked": {
        "lastModified": 1733328505,
        "narHash": "sha256-NeCCThCEP3eCl2l/+27kNNK7QrwZB1IJCrXfrbv5oqU=",
        "owner": "edolstra",
        "repo": "flake-compat",
        "rev": "ff81ac966bb2cae68946d5ed5fc4994f96d0ffec",
        "type": "github"
      },
      "original": {
        "owner": "edolstra",
        "repo": "flake-compat",
        "type": "github"
      }
    },
    "flake-compat_2": {
      "flake": false,
      "locked": {
        "lastModified": 1696426674,
        "narHash": "sha256-kvjfFW7WAETZlt09AgDn1MrtKzP7t90Vf7vypd3OL1U=",
        "owner": "edolstra",
        "repo": "flake-compat",
        "rev": "0f9255e01c2351cc7d116c072cb317785dd33b33",
        "type": "github"
      },
      "original": {
        "owner": "edolstra",
        "repo": "flake-compat",
        "type": "github"
      }
    },
    "flake-utils": {
      "inputs": {
        "systems": "systems"
      },
      "locked": {
        "lastModified": 1710146030,
        "narHash": "sha256-SZ5L6eA7HJ/nmkzGG7/ISclqe6oZdOZTNoesiInkXPQ=",
        "owner": "numtide",
        "repo": "flake-utils",
        "rev": "b1d9ab70662946ef0850d488da1c9019f3a9752a",
        "type": "github"
      },
      "original": {
        "owner": "numtide",
        "repo": "flake-utils",
        "type": "github"
      }
    },
    "flake-utils_2": {
      "inputs": {
        "systems": "systems_2"
      },
      "locked": {
        "lastModified": 1705309234,
        "narHash": "sha256-uNRRNRKmJyCRC/8y1RqBkqWBLM034y4qN7EprSdmgyA=",
        "owner": "numtide",
        "repo": "flake-utils",
        "rev": "1ef2e671c3b0c19053962c07dbda38332dcebf26",
        "type": "github"
      },
      "original": {
        "owner": "numtide",
        "repo": "flake-utils",
        "type": "github"
      }
    },
    "gitignore": {
      "inputs": {
        "nixpkgs": [
          "zls",
          "nixpkgs"
        ]
      },
      "locked": {
        "lastModified": 1709087332,
        "narHash": "sha256-HG2cCnktfHsKV0s4XW83gU3F57gaTljL9KNSuG6bnQs=",
        "owner": "hercules-ci",
        "repo": "gitignore.nix",
        "rev": "637db329424fd7e46cf4185293b9cc8c88c95394",
        "type": "github"
      },
      "original": {
        "owner": "hercules-ci",
        "repo": "gitignore.nix",
        "type": "github"
      }
    },
    "home-manager": {
      "inputs": {
        "nixpkgs": [
          "nixpkgs"
        ]
      },
      "locked": {
        "lastModified": 1739570999,
        "narHash": "sha256-eCc0/Q4bPpe4/AS+uzIrHLJcR6BxPQ69q2kD0/Qe6rU=",
        "owner": "nix-community",
        "repo": "home-manager",
        "rev": "254d47082e23dbf72fdeca1da6fe1da420f478d8",
        "type": "github"
      },
      "original": {
        "owner": "nix-community",
        "ref": "release-24.11",
        "repo": "home-manager",
        "type": "github"
      }
    },
    "nix-xilinx": {
      "inputs": {
        "flake-compat": "flake-compat",
        "nixpkgs": "nixpkgs"
      },
      "locked": {
        "lastModified": 1739955730,
        "narHash": "sha256-31CRuypr+Za9SCvCwRl98OAUEbnbhWdOHXIhaP/F0AQ=",
        "owner": "doronbehar",
        "repo": "nix-xilinx",
        "rev": "cd9f88c682d9500f3fa5a99bd5815a9de18fa944",
        "type": "gitlab"
      },
      "original": {
        "owner": "doronbehar",
        "repo": "nix-xilinx",
        "type": "gitlab"
      }
    },
    "nixpkgs": {
      "locked": {
        "lastModified": 1739863612,
        "narHash": "sha256-UbtgxplOhFcyjBcNbTVO8+HUHAl/WXFDOb6LvqShiZo=",
        "owner": "NixOS",
        "repo": "nixpkgs",
        "rev": "632f04521e847173c54fa72973ec6c39a371211c",
        "type": "github"
      },
      "original": {
        "id": "nixpkgs",
        "type": "indirect"
      }
    },
    "nixpkgs-unstable": {
      "locked": {
        "lastModified": 1739451785,
        "narHash": "sha256-3ebRdThRic9bHMuNi2IAA/ek9b32bsy8F5R4SvGTIog=",
        "owner": "NixOS",
        "repo": "nixpkgs",
        "rev": "1128e89fd5e11bb25aedbfc287733c6502202ea9",
        "type": "github"
      },
      "original": {
        "owner": "NixOS",
        "ref": "nixpkgs-unstable",
        "repo": "nixpkgs",
        "type": "github"
      }
    },
    "nixpkgs_2": {
      "locked": {
        "lastModified": 1739641178,
        "narHash": "sha256-b55NPmFLPE6GRUTJ7tCGjexmlcwZA2VYTQukyH8f/Oo=",
        "owner": "NixOS",
        "repo": "nixpkgs",
        "rev": "470549237555fb64c3c8052dd50b63de403c03ad",
        "type": "github"
      },
      "original": {
        "owner": "NixOS",
        "ref": "release-24.11",
        "repo": "nixpkgs",
        "type": "github"
      }
    },
    "nixpkgs_3": {
      "locked": {
        "lastModified": 1725634671,
        "narHash": "sha256-v3rIhsJBOMLR8e/RNWxr828tB+WywYIoajrZKFM+0Gg=",
        "owner": "NixOS",
        "repo": "nixpkgs",
        "rev": "574d1eac1c200690e27b8eb4e24887f8df7ac27c",
        "type": "github"
      },
      "original": {
        "id": "nixpkgs",
        "ref": "nixos-unstable",
        "type": "indirect"
      }
    },
    "nixpkgs_4": {
      "locked": {
        "lastModified": 1708161998,
        "narHash": "sha256-6KnemmUorCvlcAvGziFosAVkrlWZGIc6UNT9GUYr0jQ=",
        "owner": "NixOS",
        "repo": "nixpkgs",
        "rev": "84d981bae8b5e783b3b548de505b22880559515f",
        "type": "github"
      },
      "original": {
        "owner": "NixOS",
        "ref": "nixos-23.11",
        "repo": "nixpkgs",
        "type": "github"
      }
    },
    "nixpkgs_5": {
      "locked": {
        "lastModified": 1739206421,
        "narHash": "sha256-PwQASeL2cGVmrtQYlrBur0U20Xy07uSWVnFup2PHnDs=",
        "owner": "NixOS",
        "repo": "nixpkgs",
        "rev": "44534bc021b85c8d78e465021e21f33b856e2540",
        "type": "github"
      },
      "original": {
        "owner": "NixOS",
        "ref": "nixos-24.11",
        "repo": "nixpkgs",
        "type": "github"
      }
    },
    "openxc7-toolchain": {
      "inputs": {
        "flake-utils": "flake-utils",
        "nixpkgs": "nixpkgs_3"
      },
      "locked": {
        "lastModified": 1732064976,
        "narHash": "sha256-fpMi458X6ktTDRRsZiL6qkoU1fAsyndM3+93Dvrw1OE=",
        "owner": "openxc7",
        "repo": "toolchain-nix",
        "rev": "f5bab9f12b0f5535ed3365f0cb9775335313bdea",
        "type": "github"
      },
      "original": {
        "owner": "openxc7",
        "repo": "toolchain-nix",
        "type": "github"
      }
    },
    "root": {
      "inputs": {
        "home-manager": "home-manager",
        "nix-xilinx": "nix-xilinx",
        "nixpkgs": "nixpkgs_2",
        "nixpkgs-unstable": "nixpkgs-unstable",
        "openxc7-toolchain": "openxc7-toolchain",
        "zig": "zig",
        "zls": "zls"
      }
    },
    "systems": {
      "locked": {
        "lastModified": 1681028828,
        "narHash": "sha256-Vy1rq5AaRuLzOxct8nz4T6wlgyUR7zLU309k9mBC768=",
        "owner": "nix-systems",
        "repo": "default",
        "rev": "da67096a3b9bf56a91d16901293e51ba5b49a27e",
        "type": "github"
      },
      "original": {
        "owner": "nix-systems",
        "repo": "default",
        "type": "github"
      }
    },
    "systems_2": {
      "locked": {
        "lastModified": 1681028828,
        "narHash": "sha256-Vy1rq5AaRuLzOxct8nz4T6wlgyUR7zLU309k9mBC768=",
        "owner": "nix-systems",
        "repo": "default",
        "rev": "da67096a3b9bf56a91d16901293e51ba5b49a27e",
        "type": "github"
      },
      "original": {
        "owner": "nix-systems",
        "repo": "default",
        "type": "github"
      }
    },
    "zig": {
      "inputs": {
        "flake-compat": "flake-compat_2",
        "flake-utils": "flake-utils_2",
        "nixpkgs": "nixpkgs_4"
      },
      "locked": {
        "lastModified": 1739621410,
        "narHash": "sha256-UqwGRa1NZYI4cYeWvjXaOp0yRb5aTv3upPZ3N/yslRk=",
        "owner": "mitchellh",
        "repo": "zig-overlay",
        "rev": "c2a774d2abf727381a9da6fe92b48259f5f425e2",
        "type": "github"
      },
      "original": {
        "owner": "mitchellh",
        "repo": "zig-overlay",
        "type": "github"
      }
    },
    "zls": {
      "inputs": {
        "gitignore": "gitignore",
        "nixpkgs": "nixpkgs_5",
        "zig-overlay": [
          "zig"
        ]
      },
      "locked": {
        "lastModified": 1739589753,
        "narHash": "sha256-b5HvgkHV7lElyZr9mg2ulj5mtczrkM8qklcX9ILN7wg=",
        "owner": "zigtools",
        "repo": "zls",
        "rev": "188a4c04bef66a29534eb2059f9d6c3c5ed10bd8",
        "type": "github"
      },
      "original": {
        "owner": "zigtools",
        "repo": "zls",
        "type": "github"
      }
    }
  },
  "root": "root",
  "version": 7
}
